
Microsoft Visual Studio Solution File, Format Version 12.00
# Visual Studio Version 16
VisualStudioVersion = 16.0.32228.343
MinimumVisualStudioVersion = 10.0.40219.1
Project("{FAE04EC0-301F-11D3-BF4B-00C04F79EFBC}") = "WinFormsApp6", "WinFormsApp6\WinFormsApp6.csproj", "{6AA2E6C2-588E-4722-88E0-BC6A594A52AD}"
EndProject
Global
	GlobalSection(SolutionConfigurationPlatforms) = preSolution
		Debug|Any CPU = Debug|Any CPU
		Release|Any CPU = Release|Any CPU
	EndGlobalSection
	GlobalSection(ProjectConfigurationPlatforms) = postSolution
		{6AA2E6C2-588E-4722-88E0-BC6A594A52AD}.Debug|Any CPU.ActiveCfg = Debug|Any CPU
		{6AA2E6C2-588E-4722-88E0-BC6A594A52AD}.Debug|Any CPU.Build.0 = Debug|Any CPU
		{6AA2E6C2-588E-4722-88E0-BC6A594A52AD}.Release|Any CPU.ActiveCfg = Release|Any CPU
		{6AA2E6C2-588E-4722-88E0-BC6A594A52AD}.Release|Any CPU.Build.0 = Release|Any CPU
	EndGlobalSection
	GlobalSection(SolutionProperties) = preSolution
		HideSolutionNode = FALSE
	EndGlobalSection
	GlobalSection(ExtensibilityGlobals) = postSolution
		SolutionGuid = {DFE72A2C-D630-4392-AE36-0AB808B82BE1}
	EndGlobalSection
EndGlobal
